
Microsoft Visual Studio Solution File, Format Version 12.00
# Visual Studio Version 17
VisualStudioVersion = 17.5.33516.290
MinimumVisualStudioVersion = 10.0.40219.1
Project("{FAE04EC0-301F-11D3-BF4B-00C04F79EFBC}") = "csExcel2Text", "csExcel2Text\csExcel2Text.csproj", "{276B0066-06A0-491F-AC48-5F7856163F3A}"
EndProject
Global
	GlobalSection(SolutionConfigurationPlatforms) = preSolution
		Debug|Any CPU = Debug|Any CPU
		Release|Any CPU = Release|Any CPU
	EndGlobalSection
	GlobalSection(ProjectConfigurationPlatforms) = postSolution
		{276B0066-06A0-491F-AC48-5F7856163F3A}.Debug|Any CPU.ActiveCfg = Debug|Any CPU
		{276B0066-06A0-491F-AC48-5F7856163F3A}.Debug|Any CPU.Build.0 = Debug|Any CPU
		{276B0066-06A0-491F-AC48-5F7856163F3A}.Release|Any CPU.ActiveCfg = Release|Any CPU
		{276B0066-06A0-491F-AC48-5F7856163F3A}.Release|Any CPU.Build.0 = Release|Any CPU
	EndGlobalSection
	GlobalSection(SolutionProperties) = preSolution
		HideSolutionNode = FALSE
	EndGlobalSection
	GlobalSection(ExtensibilityGlobals) = postSolution
		SolutionGuid = {3139808B-7DE9-441C-B9FA-5355D33FA8E5}
	EndGlobalSection
EndGlobal
