
Microsoft Visual Studio Solution File, Format Version 12.00
# Visual Studio Version 17
VisualStudioVersion = 17.8.34322.80
MinimumVisualStudioVersion = 10.0.40219.1
Project("{FAE04EC0-301F-11D3-BF4B-00C04F79EFBC}") = "CommonPermission", "CommonPermission\CommonPermission.csproj", "{1612EA31-75ED-4ED3-BF02-258DDA8E228D}"
EndProject
Global
	GlobalSection(SolutionConfigurationPlatforms) = preSolution
		Debug|Any CPU = Debug|Any CPU
		Release|Any CPU = Release|Any CPU
	EndGlobalSection
	GlobalSection(ProjectConfigurationPlatforms) = postSolution
		{1612EA31-75ED-4ED3-BF02-258DDA8E228D}.Debug|Any CPU.ActiveCfg = Debug|Any CPU
		{1612EA31-75ED-4ED3-BF02-258DDA8E228D}.Debug|Any CPU.Build.0 = Debug|Any CPU
		{1612EA31-75ED-4ED3-BF02-258DDA8E228D}.Release|Any CPU.ActiveCfg = Release|Any CPU
		{1612EA31-75ED-4ED3-BF02-258DDA8E228D}.Release|Any CPU.Build.0 = Release|Any CPU
	EndGlobalSection
	GlobalSection(SolutionProperties) = preSolution
		HideSolutionNode = FALSE
	EndGlobalSection
	GlobalSection(ExtensibilityGlobals) = postSolution
		SolutionGuid = {A9B15337-83E1-465E-A2FC-022D19D23DCC}
	EndGlobalSection
EndGlobal
