
Microsoft Visual Studio Solution File, Format Version 12.00
# Visual Studio Version 17
VisualStudioVersion = 17.8.34330.188
MinimumVisualStudioVersion = 10.0.40219.1
Project("{FAE04EC0-301F-11D3-BF4B-00C04F79EFBC}") = "csThreadPoolTesting", "csThreadPoolTesting\csThreadPoolTesting.csproj", "{EC17367F-AB00-41EF-A0A1-FF9F814052BB}"
EndProject
Global
	GlobalSection(SolutionConfigurationPlatforms) = preSolution
		Debug|Any CPU = Debug|Any CPU
		Release|Any CPU = Release|Any CPU
	EndGlobalSection
	GlobalSection(ProjectConfigurationPlatforms) = postSolution
		{EC17367F-AB00-41EF-A0A1-FF9F814052BB}.Debug|Any CPU.ActiveCfg = Debug|Any CPU
		{EC17367F-AB00-41EF-A0A1-FF9F814052BB}.Debug|Any CPU.Build.0 = Debug|Any CPU
		{EC17367F-AB00-41EF-A0A1-FF9F814052BB}.Release|Any CPU.ActiveCfg = Release|Any CPU
		{EC17367F-AB00-41EF-A0A1-FF9F814052BB}.Release|Any CPU.Build.0 = Release|Any CPU
	EndGlobalSection
	GlobalSection(SolutionProperties) = preSolution
		HideSolutionNode = FALSE
	EndGlobalSection
	GlobalSection(ExtensibilityGlobals) = postSolution
		SolutionGuid = {83E6280A-4F3E-4347-9C82-5E5116F7AFB5}
	EndGlobalSection
EndGlobal
