
Microsoft Visual Studio Solution File, Format Version 12.00
# Visual Studio Version 17
VisualStudioVersion = 17.8.34330.188
MinimumVisualStudioVersion = 10.0.40219.1
Project("{FAE04EC0-301F-11D3-BF4B-00C04F79EFBC}") = "csMudBlazor", "csMudBlazor\csMudBlazor\csMudBlazor.csproj", "{9A89FF74-A22D-4689-9411-B67B75309AAE}"
EndProject
Project("{FAE04EC0-301F-11D3-BF4B-00C04F79EFBC}") = "csMudBlazor.Client", "csMudBlazor\csMudBlazor.Client\csMudBlazor.Client.csproj", "{AF14FC68-F30E-40CF-A170-5D1635B7D8B1}"
EndProject
Global
	GlobalSection(SolutionConfigurationPlatforms) = preSolution
		Debug|Any CPU = Debug|Any CPU
		Release|Any CPU = Release|Any CPU
	EndGlobalSection
	GlobalSection(ProjectConfigurationPlatforms) = postSolution
		{9A89FF74-A22D-4689-9411-B67B75309AAE}.Debug|Any CPU.ActiveCfg = Debug|Any CPU
		{9A89FF74-A22D-4689-9411-B67B75309AAE}.Debug|Any CPU.Build.0 = Debug|Any CPU
		{9A89FF74-A22D-4689-9411-B67B75309AAE}.Release|Any CPU.ActiveCfg = Release|Any CPU
		{9A89FF74-A22D-4689-9411-B67B75309AAE}.Release|Any CPU.Build.0 = Release|Any CPU
		{AF14FC68-F30E-40CF-A170-5D1635B7D8B1}.Debug|Any CPU.ActiveCfg = Debug|Any CPU
		{AF14FC68-F30E-40CF-A170-5D1635B7D8B1}.Debug|Any CPU.Build.0 = Debug|Any CPU
		{AF14FC68-F30E-40CF-A170-5D1635B7D8B1}.Release|Any CPU.ActiveCfg = Release|Any CPU
		{AF14FC68-F30E-40CF-A170-5D1635B7D8B1}.Release|Any CPU.Build.0 = Release|Any CPU
	EndGlobalSection
	GlobalSection(SolutionProperties) = preSolution
		HideSolutionNode = FALSE
	EndGlobalSection
	GlobalSection(ExtensibilityGlobals) = postSolution
		SolutionGuid = {7390CA3E-09E0-4B85-BF57-709C24C56E9B}
	EndGlobalSection
EndGlobal
