
Microsoft Visual Studio Solution File, Format Version 12.00
# Visual Studio Version 17
VisualStudioVersion = 17.8.34219.65
MinimumVisualStudioVersion = 10.0.40219.1
Project("{FAE04EC0-301F-11D3-BF4B-00C04F79EFBC}") = "NETMAUI8", "NETMAUI8\NETMAUI8.csproj", "{D95EC415-F68E-483C-AA26-BC237BF22F53}"
EndProject
Global
	GlobalSection(SolutionConfigurationPlatforms) = preSolution
		Debug|Any CPU = Debug|Any CPU
		Release|Any CPU = Release|Any CPU
	EndGlobalSection
	GlobalSection(ProjectConfigurationPlatforms) = postSolution
		{D95EC415-F68E-483C-AA26-BC237BF22F53}.Debug|Any CPU.ActiveCfg = Debug|Any CPU
		{D95EC415-F68E-483C-AA26-BC237BF22F53}.Debug|Any CPU.Build.0 = Debug|Any CPU
		{D95EC415-F68E-483C-AA26-BC237BF22F53}.Debug|Any CPU.Deploy.0 = Debug|Any CPU
		{D95EC415-F68E-483C-AA26-BC237BF22F53}.Release|Any CPU.ActiveCfg = Release|Any CPU
		{D95EC415-F68E-483C-AA26-BC237BF22F53}.Release|Any CPU.Build.0 = Release|Any CPU
		{D95EC415-F68E-483C-AA26-BC237BF22F53}.Release|Any CPU.Deploy.0 = Release|Any CPU
	EndGlobalSection
	GlobalSection(SolutionProperties) = preSolution
		HideSolutionNode = FALSE
	EndGlobalSection
	GlobalSection(ExtensibilityGlobals) = postSolution
		SolutionGuid = {EA3C5C0C-120E-4021-9DC7-2792386994DE}
	EndGlobalSection
EndGlobal
