Microsoft Visual Studio Solution File, Format Version 12.00
# Visual Studio Version 17
VisualStudioVersion = 17.8.34330.188
MinimumVisualStudioVersion = 16.0.0.0
Project("{9A19103F-16F7-4668-BE54-9A1E7A4F7556}") = "csMudBlazor", "csMudBlazor\csMudBlazor.csproj", "{79BA71A1-1CDE-4763-9EEB-3A25CDBD1CE6}"
EndProject
Project("{9A19103F-16F7-4668-BE54-9A1E7A4F7556}") = "csMudBlazor.Client", "csMudBlazor.Client\csMudBlazor.Client.csproj", "{6F55A300-5AAA-4EEE-BF06-C0C4E6A15E79}"
EndProject
Global
	GlobalSection(SolutionConfigurationPlatforms) = preSolution
		Debug|Any CPU = Debug|Any CPU
		Debug|x64 = Debug|x64
		Debug|x86 = Debug|x86
		Release|Any CPU = Release|Any CPU
		Release|x64 = Release|x64
		Release|x86 = Release|x86
	EndGlobalSection
	GlobalSection(ProjectConfigurationPlatforms) = postSolution
		{79BA71A1-1CDE-4763-9EEB-3A25CDBD1CE6}.Debug|Any CPU.ActiveCfg = Debug|Any CPU
		{79BA71A1-1CDE-4763-9EEB-3A25CDBD1CE6}.Debug|Any CPU.Build.0 = Debug|Any CPU
		{79BA71A1-1CDE-4763-9EEB-3A25CDBD1CE6}.Debug|x64.ActiveCfg = Debug|Any CPU
		{79BA71A1-1CDE-4763-9EEB-3A25CDBD1CE6}.Debug|x64.Build.0 = Debug|Any CPU
		{79BA71A1-1CDE-4763-9EEB-3A25CDBD1CE6}.Debug|x86.ActiveCfg = Debug|Any CPU
		{79BA71A1-1CDE-4763-9EEB-3A25CDBD1CE6}.Debug|x86.Build.0 = Debug|Any CPU
		{79BA71A1-1CDE-4763-9EEB-3A25CDBD1CE6}.Release|Any CPU.ActiveCfg = Release|Any CPU
		{79BA71A1-1CDE-4763-9EEB-3A25CDBD1CE6}.Release|Any CPU.Build.0 = Release|Any CPU
		{79BA71A1-1CDE-4763-9EEB-3A25CDBD1CE6}.Release|x64.ActiveCfg = Release|Any CPU
		{79BA71A1-1CDE-4763-9EEB-3A25CDBD1CE6}.Release|x64.Build.0 = Release|Any CPU
		{79BA71A1-1CDE-4763-9EEB-3A25CDBD1CE6}.Release|x86.ActiveCfg = Release|Any CPU
		{79BA71A1-1CDE-4763-9EEB-3A25CDBD1CE6}.Release|x86.Build.0 = Release|Any CPU
		{6F55A300-5AAA-4EEE-BF06-C0C4E6A15E79}.Debug|Any CPU.ActiveCfg = Debug|Any CPU
		{6F55A300-5AAA-4EEE-BF06-C0C4E6A15E79}.Debug|Any CPU.Build.0 = Debug|Any CPU
		{6F55A300-5AAA-4EEE-BF06-C0C4E6A15E79}.Debug|x64.ActiveCfg = Debug|Any CPU
		{6F55A300-5AAA-4EEE-BF06-C0C4E6A15E79}.Debug|x64.Build.0 = Debug|Any CPU
		{6F55A300-5AAA-4EEE-BF06-C0C4E6A15E79}.Debug|x86.ActiveCfg = Debug|Any CPU
		{6F55A300-5AAA-4EEE-BF06-C0C4E6A15E79}.Debug|x86.Build.0 = Debug|Any CPU
		{6F55A300-5AAA-4EEE-BF06-C0C4E6A15E79}.Release|Any CPU.ActiveCfg = Release|Any CPU
		{6F55A300-5AAA-4EEE-BF06-C0C4E6A15E79}.Release|Any CPU.Build.0 = Release|Any CPU
		{6F55A300-5AAA-4EEE-BF06-C0C4E6A15E79}.Release|x64.ActiveCfg = Release|Any CPU
		{6F55A300-5AAA-4EEE-BF06-C0C4E6A15E79}.Release|x64.Build.0 = Release|Any CPU
		{6F55A300-5AAA-4EEE-BF06-C0C4E6A15E79}.Release|x86.ActiveCfg = Release|Any CPU
		{6F55A300-5AAA-4EEE-BF06-C0C4E6A15E79}.Release|x86.Build.0 = Release|Any CPU
	EndGlobalSection
	GlobalSection(SolutionProperties) = preSolution
		HideSolutionNode = FALSE
	EndGlobalSection
	GlobalSection(ExtensibilityGlobals) = postSolution
		SolutionGuid = {70D0FD70-56D0-4122-8310-AF0E47F3B832}
	EndGlobalSection
EndGlobal
