
Microsoft Visual Studio Solution File, Format Version 12.00
# Visual Studio Version 17
VisualStudioVersion = 17.8.34330.188
MinimumVisualStudioVersion = 10.0.40219.1
Project("{FAE04EC0-301F-11D3-BF4B-00C04F79EFBC}") = "csDISameInterface", "csDISameInterface\csDISameInterface.csproj", "{BE64F841-7B78-450A-BD01-A92354B50919}"
EndProject
Global
	GlobalSection(SolutionConfigurationPlatforms) = preSolution
		Debug|Any CPU = Debug|Any CPU
		Release|Any CPU = Release|Any CPU
	EndGlobalSection
	GlobalSection(ProjectConfigurationPlatforms) = postSolution
		{BE64F841-7B78-450A-BD01-A92354B50919}.Debug|Any CPU.ActiveCfg = Debug|Any CPU
		{BE64F841-7B78-450A-BD01-A92354B50919}.Debug|Any CPU.Build.0 = Debug|Any CPU
		{BE64F841-7B78-450A-BD01-A92354B50919}.Release|Any CPU.ActiveCfg = Release|Any CPU
		{BE64F841-7B78-450A-BD01-A92354B50919}.Release|Any CPU.Build.0 = Release|Any CPU
	EndGlobalSection
	GlobalSection(SolutionProperties) = preSolution
		HideSolutionNode = FALSE
	EndGlobalSection
	GlobalSection(ExtensibilityGlobals) = postSolution
		SolutionGuid = {9F902F45-5AF7-4B0D-9E5C-81EA86A0FD1D}
	EndGlobalSection
EndGlobal
