
Microsoft Visual Studio Solution File, Format Version 12.00
# Visual Studio Version 17
VisualStudioVersion = 17.7.34202.233
MinimumVisualStudioVersion = 10.0.40219.1
Project("{FAE04EC0-301F-11D3-BF4B-00C04F79EFBC}") = "csMongoDBCreate", "csMongoDBCreate\csMongoDBCreate.csproj", "{D65D06E1-CE88-49C5-AE12-9BD4757649C7}"
EndProject
Global
	GlobalSection(SolutionConfigurationPlatforms) = preSolution
		Debug|Any CPU = Debug|Any CPU
		Release|Any CPU = Release|Any CPU
	EndGlobalSection
	GlobalSection(ProjectConfigurationPlatforms) = postSolution
		{D65D06E1-CE88-49C5-AE12-9BD4757649C7}.Debug|Any CPU.ActiveCfg = Debug|Any CPU
		{D65D06E1-CE88-49C5-AE12-9BD4757649C7}.Debug|Any CPU.Build.0 = Debug|Any CPU
		{D65D06E1-CE88-49C5-AE12-9BD4757649C7}.Release|Any CPU.ActiveCfg = Release|Any CPU
		{D65D06E1-CE88-49C5-AE12-9BD4757649C7}.Release|Any CPU.Build.0 = Release|Any CPU
	EndGlobalSection
	GlobalSection(SolutionProperties) = preSolution
		HideSolutionNode = FALSE
	EndGlobalSection
	GlobalSection(ExtensibilityGlobals) = postSolution
		SolutionGuid = {4985252F-2A48-470E-90C3-F7CA61C5CA0B}
	EndGlobalSection
EndGlobal
