
Microsoft Visual Studio Solution File, Format Version 12.00
# Visual Studio Version 17
VisualStudioVersion = 17.8.34330.188
MinimumVisualStudioVersion = 10.0.40219.1
Project("{FAE04EC0-301F-11D3-BF4B-00C04F79EFBC}") = "csMudBlazor", "csMudBlazor\csMudBlazor.csproj", "{9392895D-679B-41A7-ABC0-07A99E28E6C3}"
EndProject
Global
	GlobalSection(SolutionConfigurationPlatforms) = preSolution
		Debug|Any CPU = Debug|Any CPU
		Release|Any CPU = Release|Any CPU
	EndGlobalSection
	GlobalSection(ProjectConfigurationPlatforms) = postSolution
		{9392895D-679B-41A7-ABC0-07A99E28E6C3}.Debug|Any CPU.ActiveCfg = Debug|Any CPU
		{9392895D-679B-41A7-ABC0-07A99E28E6C3}.Debug|Any CPU.Build.0 = Debug|Any CPU
		{9392895D-679B-41A7-ABC0-07A99E28E6C3}.Release|Any CPU.ActiveCfg = Release|Any CPU
		{9392895D-679B-41A7-ABC0-07A99E28E6C3}.Release|Any CPU.Build.0 = Release|Any CPU
	EndGlobalSection
	GlobalSection(SolutionProperties) = preSolution
		HideSolutionNode = FALSE
	EndGlobalSection
	GlobalSection(ExtensibilityGlobals) = postSolution
		SolutionGuid = {809CC27A-67A2-42F3-83AC-2F7BAD8EF6A6}
	EndGlobalSection
EndGlobal
