
Microsoft Visual Studio Solution File, Format Version 12.00
# Visual Studio Version 17
VisualStudioVersion = 17.6.33815.320
MinimumVisualStudioVersion = 10.0.40219.1
Project("{FAE04EC0-301F-11D3-BF4B-00C04F79EFBC}") = "AWatchThreadOnSystem", "AWatchThreadOnSystem\AWatchThreadOnSystem.csproj", "{AF4D0DB8-BA57-4B3C-B5FA-5837D08582B7}"
EndProject
Global
	GlobalSection(SolutionConfigurationPlatforms) = preSolution
		Debug|Any CPU = Debug|Any CPU
		Release|Any CPU = Release|Any CPU
	EndGlobalSection
	GlobalSection(ProjectConfigurationPlatforms) = postSolution
		{AF4D0DB8-BA57-4B3C-B5FA-5837D08582B7}.Debug|Any CPU.ActiveCfg = Debug|Any CPU
		{AF4D0DB8-BA57-4B3C-B5FA-5837D08582B7}.Debug|Any CPU.Build.0 = Debug|Any CPU
		{AF4D0DB8-BA57-4B3C-B5FA-5837D08582B7}.Release|Any CPU.ActiveCfg = Release|Any CPU
		{AF4D0DB8-BA57-4B3C-B5FA-5837D08582B7}.Release|Any CPU.Build.0 = Release|Any CPU
	EndGlobalSection
	GlobalSection(SolutionProperties) = preSolution
		HideSolutionNode = FALSE
	EndGlobalSection
	GlobalSection(ExtensibilityGlobals) = postSolution
		SolutionGuid = {49EAB72A-0AE0-4359-B91E-6BFB67635829}
	EndGlobalSection
EndGlobal
