
Microsoft Visual Studio Solution File, Format Version 12.00
# Visual Studio Version 17
VisualStudioVersion = 17.8.34219.65
MinimumVisualStudioVersion = 10.0.40219.1
Project("{FAE04EC0-301F-11D3-BF4B-00C04F79EFBC}") = "NET8BlazorWasm", "NET8BlazorWasm\NET8BlazorWasm.csproj", "{331BF6B4-3406-4784-825C-2B0F9A687D9F}"
EndProject
Global
	GlobalSection(SolutionConfigurationPlatforms) = preSolution
		Debug|Any CPU = Debug|Any CPU
		Release|Any CPU = Release|Any CPU
	EndGlobalSection
	GlobalSection(ProjectConfigurationPlatforms) = postSolution
		{331BF6B4-3406-4784-825C-2B0F9A687D9F}.Debug|Any CPU.ActiveCfg = Debug|Any CPU
		{331BF6B4-3406-4784-825C-2B0F9A687D9F}.Debug|Any CPU.Build.0 = Debug|Any CPU
		{331BF6B4-3406-4784-825C-2B0F9A687D9F}.Release|Any CPU.ActiveCfg = Release|Any CPU
		{331BF6B4-3406-4784-825C-2B0F9A687D9F}.Release|Any CPU.Build.0 = Release|Any CPU
	EndGlobalSection
	GlobalSection(SolutionProperties) = preSolution
		HideSolutionNode = FALSE
	EndGlobalSection
	GlobalSection(ExtensibilityGlobals) = postSolution
		SolutionGuid = {44AD4D9B-1E0F-480D-8FB4-B9BBEE4E3A72}
	EndGlobalSection
EndGlobal
